// !$*UTF8*$!
{
	archiveVersion = 1;
	classes = {
	};
	objectVersion = 50;
	objects = {

/* Begin PBXBuildFile section */
		B111345320A3E03100DE36A2 /* 2015-06-28_21-58-50.jpg in Resources */ = {isa = PBXBuildFile; fileRef = B111345020A3E03000DE36A2 /* 2015-06-28_21-58-50.jpg */; };
		B111345520A3E03100DE36A2 /* 2018-01-01_10-17-26.jpg in Resources */ = {isa = PBXBuildFile; fileRef = B111345220A3E03100DE36A2 /* 2018-01-01_10-17-26.jpg */; };
		B16F8788209DB70D004DF687 /* AppDelegate.swift in Sources */ = {isa = PBXBuildFile; fileRef = B16F8787209DB70D004DF687 /* AppDelegate.swift */; };
		B16F878A209DB70D004DF687 /* ViewController.swift in Sources */ = {isa = PBXBuildFile; fileRef = B16F8789209DB70D004DF687 /* ViewController.swift */; };
		B16F878D209DB70D004DF687 /* Main.storyboard in Resources */ = {isa = PBXBuildFile; fileRef = B16F878B209DB70D004DF687 /* Main.storyboard */; };
		B16F878F209DB70F004DF687 /* Assets.xcassets in Resources */ = {isa = PBXBuildFile; fileRef = B16F878E209DB70F004DF687 /* Assets.xcassets */; };
		B16F8792209DB70F004DF687 /* LaunchScreen.storyboard in Resources */ = {isa = PBXBuildFile; fileRef = B16F8790209DB70F004DF687 /* LaunchScreen.storyboard */; };
		CB71052F81EDDB4B2E7FE725 /* Pods_TCZoomingImageView.framework in Frameworks */ = {isa = PBXBuildFile; fileRef = 8E4D400D164BE3CD79B94D72 /* Pods_TCZoomingImageView.framework */; };
/* End PBXBuildFile section */

/* Begin PBXFileReference section */
		06E14B9D605E320694DC1ABF /* Pods-TCZoomingImageView.debug.xcconfig */ = {isa = PBXFileReference; includeInIndex = 1; lastKnownFileType = text.xcconfig; name = "Pods-TCZoomingImageView.debug.xcconfig"; path = "Pods/Target Support Files/Pods-TCZoomingImageView/Pods-TCZoomingImageView.debug.xcconfig"; sourceTree = "<group>"; };
		8E4D400D164BE3CD79B94D72 /* Pods_TCZoomingImageView.framework */ = {isa = PBXFileReference; explicitFileType = wrapper.framework; includeInIndex = 0; path = Pods_TCZoomingImageView.framework; sourceTree = BUILT_PRODUCTS_DIR; };
		B111345020A3E03000DE36A2 /* 2015-06-28_21-58-50.jpg */ = {isa = PBXFileReference; lastKnownFileType = image.jpeg; path = "2015-06-28_21-58-50.jpg"; sourceTree = "<group>"; };
		B111345220A3E03100DE36A2 /* 2018-01-01_10-17-26.jpg */ = {isa = PBXFileReference; lastKnownFileType = image.jpeg; path = "2018-01-01_10-17-26.jpg"; sourceTree = "<group>"; };
		B16F8784209DB70D004DF687 /* TCZoomingImageView.app */ = {isa = PBXFileReference; explicitFileType = wrapper.application; includeInIndex = 0; path = TCZoomingImageView.app; sourceTree = BUILT_PRODUCTS_DIR; };
		B16F8787209DB70D004DF687 /* AppDelegate.swift */ = {isa = PBXFileReference; lastKnownFileType = sourcecode.swift; path = AppDelegate.swift; sourceTree = "<group>"; };
		B16F8789209DB70D004DF687 /* ViewController.swift */ = {isa = PBXFileReference; lastKnownFileType = sourcecode.swift; path = ViewController.swift; sourceTree = "<group>"; };
		B16F878C209DB70D004DF687 /* Base */ = {isa = PBXFileReference; lastKnownFileType = file.storyboard; name = Base; path = Base.lproj/Main.storyboard; sourceTree = "<group>"; };
		B16F878E209DB70F004DF687 /* Assets.xcassets */ = {isa = PBXFileReference; lastKnownFileType = folder.assetcatalog; path = Assets.xcassets; sourceTree = "<group>"; };
		B16F8791209DB70F004DF687 /* Base */ = {isa = PBXFileReference; lastKnownFileType = file.storyboard; name = Base; path = Base.lproj/LaunchScreen.storyboard; sourceTree = "<group>"; };
		B16F8793209DB70F004DF687 /* Info.plist */ = {isa = PBXFileReference; lastKnownFileType = text.plist.xml; path = Info.plist; sourceTree = "<group>"; };
		DFB0EEE14D0ECE97DC39140A /* Pods-TCZoomingImageView.release.xcconfig */ = {isa = PBXFileReference; includeInIndex = 1; lastKnownFileType = text.xcconfig; name = "Pods-TCZoomingImageView.release.xcconfig"; path = "Pods/Target Support Files/Pods-TCZoomingImageView/Pods-TCZoomingImageView.release.xcconfig"; sourceTree = "<group>"; };
/* End PBXFileReference section */

/* Begin PBXFrameworksBuildPhase section */
		B16F8781209DB70D004DF687 /* Frameworks */ = {
			isa = PBXFrameworksBuildPhase;
			buildActionMask = 2147483647;
			files = (
				CB71052F81EDDB4B2E7FE725 /* Pods_TCZoomingImageView.framework in Frameworks */,
			);
			runOnlyForDeploymentPostprocessing = 0;
		};
/* End PBXFrameworksBuildPhase section */

/* Begin PBXGroup section */
		7C7FC33301FEECFA618C9B5D /* Frameworks */ = {
			isa = PBXGroup;
			children = (
				8E4D400D164BE3CD79B94D72 /* Pods_TCZoomingImageView.framework */,
			);
			name = Frameworks;
			sourceTree = "<group>";
		};
		B16F877B209DB70D004DF687 = {
			isa = PBXGroup;
			children = (
				B16F8786209DB70D004DF687 /* TCZoomingImageView */,
				B16F8785209DB70D004DF687 /* Products */,
				C297F59931442CC3BF8FCA4E /* Pods */,
				7C7FC33301FEECFA618C9B5D /* Frameworks */,
			);
			sourceTree = "<group>";
		};
		B16F8785209DB70D004DF687 /* Products */ = {
			isa = PBXGroup;
			children = (
				B16F8784209DB70D004DF687 /* TCZoomingImageView.app */,
			);
			name = Products;
			sourceTree = "<group>";
		};
		B16F8786209DB70D004DF687 /* TCZoomingImageView */ = {
			isa = PBXGroup;
			children = (
				B111345020A3E03000DE36A2 /* 2015-06-28_21-58-50.jpg */,
				B111345220A3E03100DE36A2 /* 2018-01-01_10-17-26.jpg */,
				B16F8787209DB70D004DF687 /* AppDelegate.swift */,
				B16F8789209DB70D004DF687 /* ViewController.swift */,
				B16F878B209DB70D004DF687 /* Main.storyboard */,
				B16F878E209DB70F004DF687 /* Assets.xcassets */,
				B16F8790209DB70F004DF687 /* LaunchScreen.storyboard */,
				B16F8793209DB70F004DF687 /* Info.plist */,
			);
			path = TCZoomingImageView;
			sourceTree = "<group>";
		};
		C297F59931442CC3BF8FCA4E /* Pods */ = {
			isa = PBXGroup;
			children = (
				06E14B9D605E320694DC1ABF /* Pods-TCZoomingImageView.debug.xcconfig */,
				DFB0EEE14D0ECE97DC39140A /* Pods-TCZoomingImageView.release.xcconfig */,
			);
			name = Pods;
			sourceTree = "<group>";
		};
/* End PBXGroup section */

/* Begin PBXNativeTarget section */
		B16F8783209DB70D004DF687 /* TCZoomingImageView */ = {
			isa = PBXNativeTarget;
			buildConfigurationList = B16F87AC209DB70F004DF687 /* Build configuration list for PBXNativeTarget "TCZoomingImageView" */;
			buildPhases = (
				7C78BDBF0A21BA7D5A291148 /* [CP] Check Pods Manifest.lock */,
				B16F8780209DB70D004DF687 /* Sources */,
				B16F8781209DB70D004DF687 /* Frameworks */,
				B16F8782209DB70D004DF687 /* Resources */,
				54FF904D0651C757CF6B2633 /* [CP] Embed Pods Frameworks */,
			);
			buildRules = (
			);
			dependencies = (
			);
			name = TCZoomingImageView;
			productName = TCZoomingImageView;
			productReference = B16F8784209DB70D004DF687 /* TCZoomingImageView.app */;
			productType = "com.apple.product-type.application";
		};
/* End PBXNativeTarget section */

/* Begin PBXProject section */
		B16F877C209DB70D004DF687 /* Project object */ = {
			isa = PBXProject;
			attributes = {
				LastSwiftUpdateCheck = 0930;
				LastUpgradeCheck = 0930;
				ORGANIZATIONNAME = "Tianchi Wang";
				TargetAttributes = {
					B16F8783209DB70D004DF687 = {
						CreatedOnToolsVersion = 9.3;
						LastSwiftMigration = 1000;
					};
				};
			};
			buildConfigurationList = B16F877F209DB70D004DF687 /* Build configuration list for PBXProject "TCZoomingImageView" */;
			compatibilityVersion = "Xcode 9.3";
			developmentRegion = en;
			hasScannedForEncodings = 0;
			knownRegions = (
				en,
				Base,
			);
			mainGroup = B16F877B209DB70D004DF687;
			productRefGroup = B16F8785209DB70D004DF687 /* Products */;
			projectDirPath = "";
			projectRoot = "";
			targets = (
				B16F8783209DB70D004DF687 /* TCZoomingImageView */,
			);
		};
/* End PBXProject section */

/* Begin PBXResourcesBuildPhase section */
		B16F8782209DB70D004DF687 /* Resources */ = {
			isa = PBXResourcesBuildPhase;
			buildActionMask = 2147483647;
			files = (
				B16F8792209DB70F004DF687 /* LaunchScreen.storyboard in Resources */,
				B111345320A3E03100DE36A2 /* 2015-06-28_21-58-50.jpg in Resources */,
				B16F878F209DB70F004DF687 /* Assets.xcassets in Resources */,
				B16F878D209DB70D004DF687 /* Main.storyboard in Resources */,
				B111345520A3E03100DE36A2 /* 2018-01-01_10-17-26.jpg in Resources */,
			);
			runOnlyForDeploymentPostprocessing = 0;
		};
/* End PBXResourcesBuildPhase section */

/* Begin PBXShellScriptBuildPhase section */
		54FF904D0651C757CF6B2633 /* [CP] Embed Pods Frameworks */ = {
			isa = PBXShellScriptBuildPhase;
			buildActionMask = 2147483647;
			files = (
			);
			inputPaths = (
				"${SRCROOT}/Pods/Target Support Files/Pods-TCZoomingImageView/Pods-TCZoomingImageView-frameworks.sh",
				"${BUILT_PRODUCTS_DIR}/TCZoomingImageViewSwift/TCZoomingImageViewSwift.framework",
			);
			name = "[CP] Embed Pods Frameworks";
			outputPaths = (
				"${TARGET_BUILD_DIR}/${FRAMEWORKS_FOLDER_PATH}/TCZoomingImageViewSwift.framework",
			);
			runOnlyForDeploymentPostprocessing = 0;
			shellPath = /bin/sh;
			shellScript = "\"${SRCROOT}/Pods/Target Support Files/Pods-TCZoomingImageView/Pods-TCZoomingImageView-frameworks.sh\"\n";
			showEnvVarsInLog = 0;
		};
		7C78BDBF0A21BA7D5A291148 /* [CP] Check Pods Manifest.lock */ = {
			isa = PBXShellScriptBuildPhase;
			buildActionMask = 2147483647;
			files = (
			);
			inputPaths = (
				"${PODS_PODFILE_DIR_PATH}/Podfile.lock",
				"${PODS_ROOT}/Manifest.lock",
			);
			name = "[CP] Check Pods Manifest.lock";
			outputPaths = (
				"$(DERIVED_FILE_DIR)/Pods-TCZoomingImageView-checkManifestLockResult.txt",
			);
			runOnlyForDeploymentPostprocessing = 0;
			shellPath = /bin/sh;
			shellScript = "diff \"${PODS_PODFILE_DIR_PATH}/Podfile.lock\" \"${PODS_ROOT}/Manifest.lock\" > /dev/null\nif [ $? != 0 ] ; then\n    # print error to STDERR\n    echo \"error: The sandbox is not in sync with the Podfile.lock. Run 'pod install' or update your CocoaPods installation.\" >&2\n    exit 1\nfi\n# This output is used by Xcode 'outputs' to avoid re-running this script phase.\necho \"SUCCESS\" > \"${SCRIPT_OUTPUT_FILE_0}\"\n";
			showEnvVarsInLog = 0;
		};
/* End PBXShellScriptBuildPhase section */

/* Begin PBXSourcesBuildPhase section */
		B16F8780209DB70D004DF687 /* Sources */ = {
			isa = PBXSourcesBuildPhase;
			buildActionMask = 2147483647;
			files = (
				B16F878A209DB70D004DF687 /* ViewController.swift in Sources */,
				B16F8788209DB70D004DF687 /* AppDelegate.swift in Sources */,
			);
			runOnlyForDeploymentPostprocessing = 0;
		};
/* End PBXSourcesBuildPhase section */

/* Begin PBXVariantGroup section */
		B16F878B209DB70D004DF687 /* Main.storyboard */ = {
			isa = PBXVariantGroup;
			children = (
				B16F878C209DB70D004DF687 /* Base */,
			);
			name = Main.storyboard;
			sourceTree = "<group>";
		};
		B16F8790209DB70F004DF687 /* LaunchScreen.storyboard */ = {
			isa = PBXVariantGroup;
			children = (
				B16F8791209DB70F004DF687 /* Base */,
			);
			name = LaunchScreen.storyboard;
			sourceTree = "<group>";
		};
/* End PBXVariantGroup section */

/* Begin XCBuildConfiguration section */
		B16F87AA209DB70F004DF687 /* Debug */ = {
			isa = XCBuildConfiguration;
			buildSettings = {
				ALWAYS_SEARCH_USER_PATHS = NO;
				CLANG_ANALYZER_NONNULL = YES;
				CLANG_ANALYZER_NUMBER_OBJECT_CONVERSION = YES_AGGRESSIVE;
				CLANG_CXX_LANGUAGE_STANDARD = "gnu++14";
				CLANG_CXX_LIBRARY = "libc++";
				CLANG_ENABLE_MODULES = YES;
				CLANG_ENABLE_OBJC_ARC = YES;
				CLANG_ENABLE_OBJC_WEAK = YES;
				CLANG_WARN_BLOCK_CAPTURE_AUTORELEASING = YES;
				CLANG_WARN_BOOL_CONVERSION = YES;
				CLANG_WARN_COMMA = YES;
				CLANG_WARN_CONSTANT_CONVERSION = YES;
				CLANG_WARN_DEPRECATED_OBJC_IMPLEMENTATIONS = YES;
				CLANG_WARN_DIRECT_OBJC_ISA_USAGE = YES_ERROR;
				CLANG_WARN_DOCUMENTATION_COMMENTS = YES;
				CLANG_WARN_EMPTY_BODY = YES;
				CLANG_WARN_ENUM_CONVERSION = YES;
				CLANG_WARN_INFINITE_RECURSION = YES;
				CLANG_WARN_INT_CONVERSION = YES;
				CLANG_WARN_NON_LITERAL_NULL_CONVERSION = YES;
				CLANG_WARN_OBJC_IMPLICIT_RETAIN_SELF = YES;
				CLANG_WARN_OBJC_LITERAL_CONVERSION = YES;
				CLANG_WARN_OBJC_ROOT_CLASS = YES_ERROR;
				CLANG_WARN_RANGE_LOOP_ANALYSIS = YES;
				CLANG_WARN_STRICT_PROTOTYPES = YES;
				CLANG_WARN_SUSPICIOUS_MOVE = YES;
				CLANG_WARN_UNGUARDED_AVAILABILITY = YES_AGGRESSIVE;
				CLANG_WARN_UNREACHABLE_CODE = YES;
				CLANG_WARN__DUPLICATE_METHOD_MATCH = YES;
				CODE_SIGN_IDENTITY = "iPhone Developer";
				COPY_PHASE_STRIP = NO;
				DEBUG_INFORMATION_FORMAT = dwarf;
				ENABLE_STRICT_OBJC_MSGSEND = YES;
				ENABLE_TESTABILITY = YES;
				GCC_C_LANGUAGE_STANDARD = gnu11;
				GCC_DYNAMIC_NO_PIC = NO;
				GCC_NO_COMMON_BLOCKS = YES;
				GCC_OPTIMIZATION_LEVEL = 0;
				GCC_PREPROCESSOR_DEFINITIONS = (
					"DEBUG=1",
					"$(inherited)",
				);
				GCC_WARN_64_TO_32_BIT_CONVERSION = YES;
				GCC_WARN_ABOUT_RETURN_TYPE = YES_ERROR;
				GCC_WARN_UNDECLARED_SELECTOR = YES;
				GCC_WARN_UNINITIALIZED_AUTOS = YES_AGGRESSIVE;
				GCC_WARN_UNUSED_FUNCTION = YES;
				GCC_WARN_UNUSED_VARIABLE = YES;
				IPHONEOS_DEPLOYMENT_TARGET = 11.3;
				MTL_ENABLE_DEBUG_INFO = YES;
				ONLY_ACTIVE_ARCH = YES;
				SDKROOT = iphoneos;
				SWIFT_ACTIVE_COMPILATION_CONDITIONS = DEBUG;
				SWIFT_OPTIMIZATION_LEVEL = "-Onone";
			};
			name = Debug;
		};
		B16F87AB209DB70F004DF687 /* Release */ = {
			isa = XCBuildConfiguration;
			buildSettings = {
				ALWAYS_SEARCH_USER_PATHS = NO;
				CLANG_ANALYZER_NONNULL = YES;
				CLANG_ANALYZER_NUMBER_OBJECT_CONVERSION = YES_AGGRESSIVE;
				CLANG_CXX_LANGUAGE_STANDARD = "gnu++14";
				CLANG_CXX_LIBRARY = "libc++";
				CLANG_ENABLE_MODULES = YES;
				CLANG_ENABLE_OBJC_ARC = YES;
				CLANG_ENABLE_OBJC_WEAK = YES;
				CLANG_WARN_BLOCK_CAPTURE_AUTORELEASING = YES;
				CLANG_WARN_BOOL_CONVERSION = YES;
				CLANG_WARN_COMMA = YES;
				CLANG_WARN_CONSTANT_CONVERSION = YES;
				CLANG_WARN_DEPRECATED_OBJC_IMPLEMENTATIONS = YES;
				CLANG_WARN_DIRECT_OBJC_ISA_USAGE = YES_ERROR;
				CLANG_WARN_DOCUMENTATION_COMMENTS = YES;
				CLANG_WARN_EMPTY_BODY = YES;
				CLANG_WARN_ENUM_CONVERSION = YES;
				CLANG_WARN_INFINITE_RECURSION = YES;
				CLANG_WARN_INT_CONVERSION = YES;
				CLANG_WARN_NON_LITERAL_NULL_CONVERSION = YES;
				CLANG_WARN_OBJC_IMPLICIT_RETAIN_SELF = YES;
				CLANG_WARN_OBJC_LITERAL_CONVERSION = YES;
				CLANG_WARN_OBJC_ROOT_CLASS = YES_ERROR;
				CLANG_WARN_RANGE_LOOP_ANALYSIS = YES;
				CLANG_WARN_STRICT_PROTOTYPES = YES;
				CLANG_WARN_SUSPICIOUS_MOVE = YES;
				CLANG_WARN_UNGUARDED_AVAILABILITY = YES_AGGRESSIVE;
				CLANG_WARN_UNREACHABLE_CODE = YES;
				CLANG_WARN__DUPLICATE_METHOD_MATCH = YES;
				CODE_SIGN_IDENTITY = "iPhone Developer";
				COPY_PHASE_STRIP = NO;
				DEBUG_INFORMATION_FORMAT = "dwarf-with-dsym";
				ENABLE_NS_ASSERTIONS = NO;
				ENABLE_STRICT_OBJC_MSGSEND = YES;
				GCC_C_LANGUAGE_STANDARD = gnu11;
				GCC_NO_COMMON_BLOCKS = YES;
				GCC_WARN_64_TO_32_BIT_CONVERSION = YES;
				GCC_WARN_ABOUT_RETURN_TYPE = YES_ERROR;
				GCC_WARN_UNDECLARED_SELECTOR = YES;
				GCC_WARN_UNINITIALIZED_AUTOS = YES_AGGRESSIVE;
				GCC_WARN_UNUSED_FUNCTION = YES;
				GCC_WARN_UNUSED_VARIABLE = YES;
				IPHONEOS_DEPLOYMENT_TARGET = 11.3;
				MTL_ENABLE_DEBUG_INFO = NO;
				SDKROOT = iphoneos;
				SWIFT_COMPILATION_MODE = wholemodule;
				SWIFT_OPTIMIZATION_LEVEL = "-O";
				VALIDATE_PRODUCT = YES;
			};
			name = Release;
		};
		B16F87AD209DB70F004DF687 /* Debug */ = {
			isa = XCBuildConfiguration;
			baseConfigurationReference = 06E14B9D605E320694DC1ABF /* Pods-TCZoomingImageView.debug.xcconfig */;
			buildSettings = {
				ASSETCATALOG_COMPILER_APPICON_NAME = AppIcon;
				CLANG_ENABLE_MODULES = YES;
				CODE_SIGN_STYLE = Automatic;
				DEVELOPMENT_TEAM = 8U54G7LGSB;
				INFOPLIST_FILE = TCZoomingImageView/Info.plist;
				LD_RUNPATH_SEARCH_PATHS = "$(inherited) @executable_path/Frameworks";
				PRODUCT_BUNDLE_IDENTIFIER = WTC.TCZoomingImageView;
				PRODUCT_NAME = "$(TARGET_NAME)";
				SWIFT_INSTALL_OBJC_HEADER = NO;
				SWIFT_OBJC_BRIDGING_HEADER = "";
				SWIFT_OPTIMIZATION_LEVEL = "-Onone";
				SWIFT_PRECOMPILE_BRIDGING_HEADER = NO;
				SWIFT_VERSION = 4.2;
				TARGETED_DEVICE_FAMILY = "1,2";
			};
			name = Debug;
		};
		B16F87AE209DB70F004DF687 /* Release */ = {
			isa = XCBuildConfiguration;
			baseConfigurationReference = DFB0EEE14D0ECE97DC39140A /* Pods-TCZoomingImageView.release.xcconfig */;
			buildSettings = {
				ASSETCATALOG_COMPILER_APPICON_NAME = AppIcon;
				CLANG_ENABLE_MODULES = YES;
				CODE_SIGN_STYLE = Automatic;
				DEVELOPMENT_TEAM = 8U54G7LGSB;
				INFOPLIST_FILE = TCZoomingImageView/Info.plist;
				LD_RUNPATH_SEARCH_PATHS = "$(inherited) @executable_path/Frameworks";
				PRODUCT_BUNDLE_IDENTIFIER = WTC.TCZoomingImageView;
				PRODUCT_NAME = "$(TARGET_NAME)";
				SWIFT_INSTALL_OBJC_HEADER = NO;
				SWIFT_OBJC_BRIDGING_HEADER = "";
				SWIFT_PRECOMPILE_BRIDGING_HEADER = NO;
				SWIFT_VERSION = 4.2;
				TARGETED_DEVICE_FAMILY = "1,2";
			};
			name = Release;
		};
/* End XCBuildConfiguration section */

/* Begin XCConfigurationList section */
		B16F877F209DB70D004DF687 /* Build configuration list for PBXProject "TCZoomingImageView" */ = {
			isa = XCConfigurationList;
			buildConfigurations = (
				B16F87AA209DB70F004DF687 /* Debug */,
				B16F87AB209DB70F004DF687 /* Release */,
			);
			defaultConfigurationIsVisible = 0;
			defaultConfigurationName = Release;
		};
		B16F87AC209DB70F004DF687 /* Build configuration list for PBXNativeTarget "TCZoomingImageView" */ = {
			isa = XCConfigurationList;
			buildConfigurations = (
				B16F87AD209DB70F004DF687 /* Debug */,
				B16F87AE209DB70F004DF687 /* Release */,
			);
			defaultConfigurationIsVisible = 0;
			defaultConfigurationName = Release;
		};
/* End XCConfigurationList section */
	};
	rootObject = B16F877C209DB70D004DF687 /* Project object */;
}
