// !$*UTF8*$!
{
	archiveVersion = 1;
	classes = {
	};
	objectVersion = 50;
	objects = {

/* Begin PBXBuildFile section */
		B1F5725E2154800D00773180 /* AppDelegate.m in Sources */ = {isa = PBXBuildFile; fileRef = B1F5725D2154800D00773180 /* AppDelegate.m */; };
		B1F572612154800D00773180 /* ViewController.m in Sources */ = {isa = PBXBuildFile; fileRef = B1F572602154800D00773180 /* ViewController.m */; };
		B1F572642154800D00773180 /* Main.storyboard in Resources */ = {isa = PBXBuildFile; fileRef = B1F572622154800D00773180 /* Main.storyboard */; };
		B1F572662154800E00773180 /* Assets.xcassets in Resources */ = {isa = PBXBuildFile; fileRef = B1F572652154800E00773180 /* Assets.xcassets */; };
		B1F572692154800E00773180 /* LaunchScreen.storyboard in Resources */ = {isa = PBXBuildFile; fileRef = B1F572672154800E00773180 /* LaunchScreen.storyboard */; };
		B1F5726C2154800E00773180 /* main.m in Sources */ = {isa = PBXBuildFile; fileRef = B1F5726B2154800E00773180 /* main.m */; };
		CE39B7EA2EFFF399500E965C /* libPods-TCZoomingViewDemo.a in Frameworks */ = {isa = PBXBuildFile; fileRef = FDE1CE5A7B178A3119F83C17 /* libPods-TCZoomingViewDemo.a */; };
/* End PBXBuildFile section */

/* Begin PBXFileReference section */
		B1F572592154800D00773180 /* TCZoomingViewDemo.app */ = {isa = PBXFileReference; explicitFileType = wrapper.application; includeInIndex = 0; path = TCZoomingViewDemo.app; sourceTree = BUILT_PRODUCTS_DIR; };
		B1F5725C2154800D00773180 /* AppDelegate.h */ = {isa = PBXFileReference; lastKnownFileType = sourcecode.c.h; path = AppDelegate.h; sourceTree = "<group>"; };
		B1F5725D2154800D00773180 /* AppDelegate.m */ = {isa = PBXFileReference; lastKnownFileType = sourcecode.c.objc; path = AppDelegate.m; sourceTree = "<group>"; };
		B1F5725F2154800D00773180 /* ViewController.h */ = {isa = PBXFileReference; lastKnownFileType = sourcecode.c.h; path = ViewController.h; sourceTree = "<group>"; };
		B1F572602154800D00773180 /* ViewController.m */ = {isa = PBXFileReference; lastKnownFileType = sourcecode.c.objc; path = ViewController.m; sourceTree = "<group>"; };
		B1F572632154800D00773180 /* Base */ = {isa = PBXFileReference; lastKnownFileType = file.storyboard; name = Base; path = Base.lproj/Main.storyboard; sourceTree = "<group>"; };
		B1F572652154800E00773180 /* Assets.xcassets */ = {isa = PBXFileReference; lastKnownFileType = folder.assetcatalog; path = Assets.xcassets; sourceTree = "<group>"; };
		B1F572682154800E00773180 /* Base */ = {isa = PBXFileReference; lastKnownFileType = file.storyboard; name = Base; path = Base.lproj/LaunchScreen.storyboard; sourceTree = "<group>"; };
		B1F5726A2154800E00773180 /* Info.plist */ = {isa = PBXFileReference; lastKnownFileType = text.plist.xml; path = Info.plist; sourceTree = "<group>"; };
		B1F5726B2154800E00773180 /* main.m */ = {isa = PBXFileReference; lastKnownFileType = sourcecode.c.objc; path = main.m; sourceTree = "<group>"; };
		DDE3CC96E05538C9CF431DFF /* Pods-TCZoomingViewDemo.release.xcconfig */ = {isa = PBXFileReference; includeInIndex = 1; lastKnownFileType = text.xcconfig; name = "Pods-TCZoomingViewDemo.release.xcconfig"; path = "Pods/Target Support Files/Pods-TCZoomingViewDemo/Pods-TCZoomingViewDemo.release.xcconfig"; sourceTree = "<group>"; };
		E95437C8CFE5FC0017079090 /* Pods-TCZoomingViewDemo.debug.xcconfig */ = {isa = PBXFileReference; includeInIndex = 1; lastKnownFileType = text.xcconfig; name = "Pods-TCZoomingViewDemo.debug.xcconfig"; path = "Pods/Target Support Files/Pods-TCZoomingViewDemo/Pods-TCZoomingViewDemo.debug.xcconfig"; sourceTree = "<group>"; };
		FDE1CE5A7B178A3119F83C17 /* libPods-TCZoomingViewDemo.a */ = {isa = PBXFileReference; explicitFileType = archive.ar; includeInIndex = 0; path = "libPods-TCZoomingViewDemo.a"; sourceTree = BUILT_PRODUCTS_DIR; };
/* End PBXFileReference section */

/* Begin PBXFrameworksBuildPhase section */
		B1F572562154800D00773180 /* Frameworks */ = {
			isa = PBXFrameworksBuildPhase;
			buildActionMask = 2147483647;
			files = (
				CE39B7EA2EFFF399500E965C /* libPods-TCZoomingViewDemo.a in Frameworks */,
			);
			runOnlyForDeploymentPostprocessing = 0;
		};
/* End PBXFrameworksBuildPhase section */

/* Begin PBXGroup section */
		209296C20EEACFC8AB93484E /* Pods */ = {
			isa = PBXGroup;
			children = (
				E95437C8CFE5FC0017079090 /* Pods-TCZoomingViewDemo.debug.xcconfig */,
				DDE3CC96E05538C9CF431DFF /* Pods-TCZoomingViewDemo.release.xcconfig */,
			);
			name = Pods;
			sourceTree = "<group>";
		};
		79EFF4A448F55967B6FDBB87 /* Frameworks */ = {
			isa = PBXGroup;
			children = (
				FDE1CE5A7B178A3119F83C17 /* libPods-TCZoomingViewDemo.a */,
			);
			name = Frameworks;
			sourceTree = "<group>";
		};
		B1F572502154800D00773180 = {
			isa = PBXGroup;
			children = (
				B1F5725B2154800D00773180 /* TCZoomingViewDemo */,
				B1F5725A2154800D00773180 /* Products */,
				209296C20EEACFC8AB93484E /* Pods */,
				79EFF4A448F55967B6FDBB87 /* Frameworks */,
			);
			sourceTree = "<group>";
		};
		B1F5725A2154800D00773180 /* Products */ = {
			isa = PBXGroup;
			children = (
				B1F572592154800D00773180 /* TCZoomingViewDemo.app */,
			);
			name = Products;
			sourceTree = "<group>";
		};
		B1F5725B2154800D00773180 /* TCZoomingViewDemo */ = {
			isa = PBXGroup;
			children = (
				B1F5725C2154800D00773180 /* AppDelegate.h */,
				B1F5725D2154800D00773180 /* AppDelegate.m */,
				B1F5725F2154800D00773180 /* ViewController.h */,
				B1F572602154800D00773180 /* ViewController.m */,
				B1F572622154800D00773180 /* Main.storyboard */,
				B1F572652154800E00773180 /* Assets.xcassets */,
				B1F572672154800E00773180 /* LaunchScreen.storyboard */,
				B1F5726A2154800E00773180 /* Info.plist */,
				B1F5726B2154800E00773180 /* main.m */,
			);
			path = TCZoomingViewDemo;
			sourceTree = "<group>";
		};
/* End PBXGroup section */

/* Begin PBXNativeTarget section */
		B1F572582154800D00773180 /* TCZoomingViewDemo */ = {
			isa = PBXNativeTarget;
			buildConfigurationList = B1F5726F2154800E00773180 /* Build configuration list for PBXNativeTarget "TCZoomingViewDemo" */;
			buildPhases = (
				887B648C9BB450A0DE6D362F /* [CP] Check Pods Manifest.lock */,
				B1F572552154800D00773180 /* Sources */,
				B1F572562154800D00773180 /* Frameworks */,
				B1F572572154800D00773180 /* Resources */,
			);
			buildRules = (
			);
			dependencies = (
			);
			name = TCZoomingViewDemo;
			productName = TCZoomingViewDemo;
			productReference = B1F572592154800D00773180 /* TCZoomingViewDemo.app */;
			productType = "com.apple.product-type.application";
		};
/* End PBXNativeTarget section */

/* Begin PBXProject section */
		B1F572512154800D00773180 /* Project object */ = {
			isa = PBXProject;
			attributes = {
				LastUpgradeCheck = 1000;
				ORGANIZATIONNAME = "Tianchi Wang";
				TargetAttributes = {
					B1F572582154800D00773180 = {
						CreatedOnToolsVersion = 10.0;
					};
				};
			};
			buildConfigurationList = B1F572542154800D00773180 /* Build configuration list for PBXProject "TCZoomingViewDemo" */;
			compatibilityVersion = "Xcode 9.3";
			developmentRegion = en;
			hasScannedForEncodings = 0;
			knownRegions = (
				en,
				Base,
			);
			mainGroup = B1F572502154800D00773180;
			productRefGroup = B1F5725A2154800D00773180 /* Products */;
			projectDirPath = "";
			projectRoot = "";
			targets = (
				B1F572582154800D00773180 /* TCZoomingViewDemo */,
			);
		};
/* End PBXProject section */

/* Begin PBXResourcesBuildPhase section */
		B1F572572154800D00773180 /* Resources */ = {
			isa = PBXResourcesBuildPhase;
			buildActionMask = 2147483647;
			files = (
				B1F572692154800E00773180 /* LaunchScreen.storyboard in Resources */,
				B1F572662154800E00773180 /* Assets.xcassets in Resources */,
				B1F572642154800D00773180 /* Main.storyboard in Resources */,
			);
			runOnlyForDeploymentPostprocessing = 0;
		};
/* End PBXResourcesBuildPhase section */

/* Begin PBXShellScriptBuildPhase section */
		887B648C9BB450A0DE6D362F /* [CP] Check Pods Manifest.lock */ = {
			isa = PBXShellScriptBuildPhase;
			buildActionMask = 2147483647;
			files = (
			);
			inputPaths = (
				"${PODS_PODFILE_DIR_PATH}/Podfile.lock",
				"${PODS_ROOT}/Manifest.lock",
			);
			name = "[CP] Check Pods Manifest.lock";
			outputPaths = (
				"$(DERIVED_FILE_DIR)/Pods-TCZoomingViewDemo-checkManifestLockResult.txt",
			);
			runOnlyForDeploymentPostprocessing = 0;
			shellPath = /bin/sh;
			shellScript = "diff \"${PODS_PODFILE_DIR_PATH}/Podfile.lock\" \"${PODS_ROOT}/Manifest.lock\" > /dev/null\nif [ $? != 0 ] ; then\n    # print error to STDERR\n    echo \"error: The sandbox is not in sync with the Podfile.lock. Run 'pod install' or update your CocoaPods installation.\" >&2\n    exit 1\nfi\n# This output is used by Xcode 'outputs' to avoid re-running this script phase.\necho \"SUCCESS\" > \"${SCRIPT_OUTPUT_FILE_0}\"\n";
			showEnvVarsInLog = 0;
		};
/* End PBXShellScriptBuildPhase section */

/* Begin PBXSourcesBuildPhase section */
		B1F572552154800D00773180 /* Sources */ = {
			isa = PBXSourcesBuildPhase;
			buildActionMask = 2147483647;
			files = (
				B1F572612154800D00773180 /* ViewController.m in Sources */,
				B1F5726C2154800E00773180 /* main.m in Sources */,
				B1F5725E2154800D00773180 /* AppDelegate.m in Sources */,
			);
			runOnlyForDeploymentPostprocessing = 0;
		};
/* End PBXSourcesBuildPhase section */

/* Begin PBXVariantGroup section */
		B1F572622154800D00773180 /* Main.storyboard */ = {
			isa = PBXVariantGroup;
			children = (
				B1F572632154800D00773180 /* Base */,
			);
			name = Main.storyboard;
			sourceTree = "<group>";
		};
		B1F572672154800E00773180 /* LaunchScreen.storyboard */ = {
			isa = PBXVariantGroup;
			children = (
				B1F572682154800E00773180 /* Base */,
			);
			name = LaunchScreen.storyboard;
			sourceTree = "<group>";
		};
/* End PBXVariantGroup section */

/* Begin XCBuildConfiguration section */
		B1F5726D2154800E00773180 /* Debug */ = {
			isa = XCBuildConfiguration;
			buildSettings = {
				ALWAYS_SEARCH_USER_PATHS = NO;
				CLANG_ANALYZER_NONNULL = YES;
				CLANG_ANALYZER_NUMBER_OBJECT_CONVERSION = YES_AGGRESSIVE;
				CLANG_CXX_LANGUAGE_STANDARD = "gnu++14";
				CLANG_CXX_LIBRARY = "libc++";
				CLANG_ENABLE_MODULES = YES;
				CLANG_ENABLE_OBJC_ARC = YES;
				CLANG_ENABLE_OBJC_WEAK = YES;
				CLANG_WARN_BLOCK_CAPTURE_AUTORELEASING = YES;
				CLANG_WARN_BOOL_CONVERSION = YES;
				CLANG_WARN_COMMA = YES;
				CLANG_WARN_CONSTANT_CONVERSION = YES;
				CLANG_WARN_DEPRECATED_OBJC_IMPLEMENTATIONS = YES;
				CLANG_WARN_DIRECT_OBJC_ISA_USAGE = YES_ERROR;
				CLANG_WARN_DOCUMENTATION_COMMENTS = YES;
				CLANG_WARN_EMPTY_BODY = YES;
				CLANG_WARN_ENUM_CONVERSION = YES;
				CLANG_WARN_INFINITE_RECURSION = YES;
				CLANG_WARN_INT_CONVERSION = YES;
				CLANG_WARN_NON_LITERAL_NULL_CONVERSION = YES;
				CLANG_WARN_OBJC_IMPLICIT_RETAIN_SELF = YES;
				CLANG_WARN_OBJC_LITERAL_CONVERSION = YES;
				CLANG_WARN_OBJC_ROOT_CLASS = YES_ERROR;
				CLANG_WARN_RANGE_LOOP_ANALYSIS = YES;
				CLANG_WARN_STRICT_PROTOTYPES = YES;
				CLANG_WARN_SUSPICIOUS_MOVE = YES;
				CLANG_WARN_UNGUARDED_AVAILABILITY = YES_AGGRESSIVE;
				CLANG_WARN_UNREACHABLE_CODE = YES;
				CLANG_WARN__DUPLICATE_METHOD_MATCH = YES;
				CODE_SIGN_IDENTITY = "iPhone Developer";
				COPY_PHASE_STRIP = NO;
				DEBUG_INFORMATION_FORMAT = dwarf;
				ENABLE_STRICT_OBJC_MSGSEND = YES;
				ENABLE_TESTABILITY = YES;
				GCC_C_LANGUAGE_STANDARD = gnu11;
				GCC_DYNAMIC_NO_PIC = NO;
				GCC_NO_COMMON_BLOCKS = YES;
				GCC_OPTIMIZATION_LEVEL = 0;
				GCC_PREPROCESSOR_DEFINITIONS = (
					"DEBUG=1",
					"$(inherited)",
				);
				GCC_WARN_64_TO_32_BIT_CONVERSION = YES;
				GCC_WARN_ABOUT_RETURN_TYPE = YES_ERROR;
				GCC_WARN_UNDECLARED_SELECTOR = YES;
				GCC_WARN_UNINITIALIZED_AUTOS = YES_AGGRESSIVE;
				GCC_WARN_UNUSED_FUNCTION = YES;
				GCC_WARN_UNUSED_VARIABLE = YES;
				IPHONEOS_DEPLOYMENT_TARGET = 12.0;
				MTL_ENABLE_DEBUG_INFO = INCLUDE_SOURCE;
				MTL_FAST_MATH = YES;
				ONLY_ACTIVE_ARCH = YES;
				SDKROOT = iphoneos;
			};
			name = Debug;
		};
		B1F5726E2154800E00773180 /* Release */ = {
			isa = XCBuildConfiguration;
			buildSettings = {
				ALWAYS_SEARCH_USER_PATHS = NO;
				CLANG_ANALYZER_NONNULL = YES;
				CLANG_ANALYZER_NUMBER_OBJECT_CONVERSION = YES_AGGRESSIVE;
				CLANG_CXX_LANGUAGE_STANDARD = "gnu++14";
				CLANG_CXX_LIBRARY = "libc++";
				CLANG_ENABLE_MODULES = YES;
				CLANG_ENABLE_OBJC_ARC = YES;
				CLANG_ENABLE_OBJC_WEAK = YES;
				CLANG_WARN_BLOCK_CAPTURE_AUTORELEASING = YES;
				CLANG_WARN_BOOL_CONVERSION = YES;
				CLANG_WARN_COMMA = YES;
				CLANG_WARN_CONSTANT_CONVERSION = YES;
				CLANG_WARN_DEPRECATED_OBJC_IMPLEMENTATIONS = YES;
				CLANG_WARN_DIRECT_OBJC_ISA_USAGE = YES_ERROR;
				CLANG_WARN_DOCUMENTATION_COMMENTS = YES;
				CLANG_WARN_EMPTY_BODY = YES;
				CLANG_WARN_ENUM_CONVERSION = YES;
				CLANG_WARN_INFINITE_RECURSION = YES;
				CLANG_WARN_INT_CONVERSION = YES;
				CLANG_WARN_NON_LITERAL_NULL_CONVERSION = YES;
				CLANG_WARN_OBJC_IMPLICIT_RETAIN_SELF = YES;
				CLANG_WARN_OBJC_LITERAL_CONVERSION = YES;
				CLANG_WARN_OBJC_ROOT_CLASS = YES_ERROR;
				CLANG_WARN_RANGE_LOOP_ANALYSIS = YES;
				CLANG_WARN_STRICT_PROTOTYPES = YES;
				CLANG_WARN_SUSPICIOUS_MOVE = YES;
				CLANG_WARN_UNGUARDED_AVAILABILITY = YES_AGGRESSIVE;
				CLANG_WARN_UNREACHABLE_CODE = YES;
				CLANG_WARN__DUPLICATE_METHOD_MATCH = YES;
				CODE_SIGN_IDENTITY = "iPhone Developer";
				COPY_PHASE_STRIP = NO;
				DEBUG_INFORMATION_FORMAT = "dwarf-with-dsym";
				ENABLE_NS_ASSERTIONS = NO;
				ENABLE_STRICT_OBJC_MSGSEND = YES;
				GCC_C_LANGUAGE_STANDARD = gnu11;
				GCC_NO_COMMON_BLOCKS = YES;
				GCC_WARN_64_TO_32_BIT_CONVERSION = YES;
				GCC_WARN_ABOUT_RETURN_TYPE = YES_ERROR;
				GCC_WARN_UNDECLARED_SELECTOR = YES;
				GCC_WARN_UNINITIALIZED_AUTOS = YES_AGGRESSIVE;
				GCC_WARN_UNUSED_FUNCTION = YES;
				GCC_WARN_UNUSED_VARIABLE = YES;
				IPHONEOS_DEPLOYMENT_TARGET = 12.0;
				MTL_ENABLE_DEBUG_INFO = NO;
				MTL_FAST_MATH = YES;
				SDKROOT = iphoneos;
				VALIDATE_PRODUCT = YES;
			};
			name = Release;
		};
		B1F572702154800E00773180 /* Debug */ = {
			isa = XCBuildConfiguration;
			baseConfigurationReference = E95437C8CFE5FC0017079090 /* Pods-TCZoomingViewDemo.debug.xcconfig */;
			buildSettings = {
				ASSETCATALOG_COMPILER_APPICON_NAME = AppIcon;
				CODE_SIGN_STYLE = Automatic;
				DEVELOPMENT_TEAM = 8U54G7LGSB;
				INFOPLIST_FILE = TCZoomingViewDemo/Info.plist;
				LD_RUNPATH_SEARCH_PATHS = "$(inherited) @executable_path/Frameworks";
				PRODUCT_BUNDLE_IDENTIFIER = WTC.TCZoomingViewDemo;
				PRODUCT_NAME = "$(TARGET_NAME)";
				TARGETED_DEVICE_FAMILY = "1,2";
			};
			name = Debug;
		};
		B1F572712154800E00773180 /* Release */ = {
			isa = XCBuildConfiguration;
			baseConfigurationReference = DDE3CC96E05538C9CF431DFF /* Pods-TCZoomingViewDemo.release.xcconfig */;
			buildSettings = {
				ASSETCATALOG_COMPILER_APPICON_NAME = AppIcon;
				CODE_SIGN_STYLE = Automatic;
				DEVELOPMENT_TEAM = 8U54G7LGSB;
				INFOPLIST_FILE = TCZoomingViewDemo/Info.plist;
				LD_RUNPATH_SEARCH_PATHS = "$(inherited) @executable_path/Frameworks";
				PRODUCT_BUNDLE_IDENTIFIER = WTC.TCZoomingViewDemo;
				PRODUCT_NAME = "$(TARGET_NAME)";
				TARGETED_DEVICE_FAMILY = "1,2";
			};
			name = Release;
		};
/* End XCBuildConfiguration section */

/* Begin XCConfigurationList section */
		B1F572542154800D00773180 /* Build configuration list for PBXProject "TCZoomingViewDemo" */ = {
			isa = XCConfigurationList;
			buildConfigurations = (
				B1F5726D2154800E00773180 /* Debug */,
				B1F5726E2154800E00773180 /* Release */,
			);
			defaultConfigurationIsVisible = 0;
			defaultConfigurationName = Release;
		};
		B1F5726F2154800E00773180 /* Build configuration list for PBXNativeTarget "TCZoomingViewDemo" */ = {
			isa = XCConfigurationList;
			buildConfigurations = (
				B1F572702154800E00773180 /* Debug */,
				B1F572712154800E00773180 /* Release */,
			);
			defaultConfigurationIsVisible = 0;
			defaultConfigurationName = Release;
		};
/* End XCConfigurationList section */
	};
	rootObject = B1F572512154800D00773180 /* Project object */;
}
